// !$*UTF8*$!
{
	archiveVersion = 1;
	classes = {
	};
	objectVersion = 77;
	objects = {

/* Begin PBXBuildFile section */
		4A3580C52D210B88000E7615 /* WidgetKit.framework in Frameworks */ = {isa = PBXBuildFile; fileRef = 4A3580C42D210B88000E7615 /* WidgetKit.framework */; };
		4A3580C72D210B88000E7615 /* SwiftUI.framework in Frameworks */ = {isa = PBXBuildFile; fileRef = 4A3580C62D210B88000E7615 /* SwiftUI.framework */; };
		4A3580D52D210B8A000E7615 /* iStorageWidgetMacOSExtension.appex in Embed Foundation Extensions */ = {isa = PBXBuildFile; fileRef = 4A3580C22D210B88000E7615 /* iStorageWidgetMacOSExtension.appex */; platformFilters = (macos, ); settings = {ATTRIBUTES = (RemoveHeadersOnCopy, ); }; };
		4A3580EC2D224AD8000E7615 /* WidgetKit.framework in Frameworks */ = {isa = PBXBuildFile; fileRef = 4A3580C42D210B88000E7615 /* WidgetKit.framework */; };
		4A3580ED2D224AD8000E7615 /* SwiftUI.framework in Frameworks */ = {isa = PBXBuildFile; fileRef = 4A3580C62D210B88000E7615 /* SwiftUI.framework */; };
		4A3580FE2D224AD9000E7615 /* iStorageWidgetiOSExtension.appex in Embed Foundation Extensions */ = {isa = PBXBuildFile; fileRef = 4A3580EB2D224AD8000E7615 /* iStorageWidgetiOSExtension.appex */; platformFilter = ios; settings = {ATTRIBUTES = (RemoveHeadersOnCopy, ); }; };
/* End PBXBuildFile section */

/* Begin PBXContainerItemProxy section */
		4A3580D32D210B8A000E7615 /* PBXContainerItemProxy */ = {
			isa = PBXContainerItemProxy;
			containerPortal = 4AE800A72D2107AF00D23196 /* Project object */;
			proxyType = 1;
			remoteGlobalIDString = 4A3580C12D210B88000E7615;
			remoteInfo = iStorageWidgetMacOSExtension;
		};
		4A3580FC2D224AD9000E7615 /* PBXContainerItemProxy */ = {
			isa = PBXContainerItemProxy;
			containerPortal = 4AE800A72D2107AF00D23196 /* Project object */;
			proxyType = 1;
			remoteGlobalIDString = 4A3580EA2D224AD8000E7615;
			remoteInfo = iStorageWidgetiOSExtension;
		};
		4AE800C32D2107B100D23196 /* PBXContainerItemProxy */ = {
			isa = PBXContainerItemProxy;
			containerPortal = 4AE800A72D2107AF00D23196 /* Project object */;
			proxyType = 1;
			remoteGlobalIDString = 4AE800AE2D2107AF00D23196;
			remoteInfo = iStorageWatcher;
		};
		4AE800CD2D2107B100D23196 /* PBXContainerItemProxy */ = {
			isa = PBXContainerItemProxy;
			containerPortal = 4AE800A72D2107AF00D23196 /* Project object */;
			proxyType = 1;
			remoteGlobalIDString = 4AE800AE2D2107AF00D23196;
			remoteInfo = iStorageWatcher;
		};
/* End PBXContainerItemProxy section */

/* Begin PBXCopyFilesBuildPhase section */
		4A3580DA2D210B8A000E7615 /* Embed Foundation Extensions */ = {
			isa = PBXCopyFilesBuildPhase;
			buildActionMask = 12;
			dstPath = "";
			dstSubfolderSpec = 13;
			files = (
				4A3580FE2D224AD9000E7615 /* iStorageWidgetiOSExtension.appex in Embed Foundation Extensions */,
				4A3580D52D210B8A000E7615 /* iStorageWidgetMacOSExtension.appex in Embed Foundation Extensions */,
			);
			name = "Embed Foundation Extensions";
			runOnlyForDeploymentPostprocessing = 0;
		};
/* End PBXCopyFilesBuildPhase section */

/* Begin PBXFileReference section */
		4A3580C22D210B88000E7615 /* iStorageWidgetMacOSExtension.appex */ = {isa = PBXFileReference; explicitFileType = "wrapper.app-extension"; includeInIndex = 0; path = iStorageWidgetMacOSExtension.appex; sourceTree = BUILT_PRODUCTS_DIR; };
		4A3580C42D210B88000E7615 /* WidgetKit.framework */ = {isa = PBXFileReference; lastKnownFileType = wrapper.framework; name = WidgetKit.framework; path = System/Library/Frameworks/WidgetKit.framework; sourceTree = SDKROOT; };
		4A3580C62D210B88000E7615 /* SwiftUI.framework */ = {isa = PBXFileReference; lastKnownFileType = wrapper.framework; name = SwiftUI.framework; path = System/Library/Frameworks/SwiftUI.framework; sourceTree = SDKROOT; };
		4A3580EB2D224AD8000E7615 /* iStorageWidgetiOSExtension.appex */ = {isa = PBXFileReference; explicitFileType = "wrapper.app-extension"; includeInIndex = 0; path = iStorageWidgetiOSExtension.appex; sourceTree = BUILT_PRODUCTS_DIR; };
		4AE800AF2D2107AF00D23196 /* iStorageWatcher.app */ = {isa = PBXFileReference; explicitFileType = wrapper.application; includeInIndex = 0; path = iStorageWatcher.app; sourceTree = BUILT_PRODUCTS_DIR; };
		4AE800C22D2107B100D23196 /* iStorageWatcherTests.xctest */ = {isa = PBXFileReference; explicitFileType = wrapper.cfbundle; includeInIndex = 0; path = iStorageWatcherTests.xctest; sourceTree = BUILT_PRODUCTS_DIR; };
		4AE800CC2D2107B100D23196 /* iStorageWatcherUITests.xctest */ = {isa = PBXFileReference; explicitFileType = wrapper.cfbundle; includeInIndex = 0; path = iStorageWatcherUITests.xctest; sourceTree = BUILT_PRODUCTS_DIR; };
/* End PBXFileReference section */

/* Begin PBXFileSystemSynchronizedBuildFileExceptionSet section */
		4A3580D62D210B8A000E7615 /* Exceptions for "iStorageWidgetMacOS" folder in "iStorageWidgetMacOSExtension" target */ = {
			isa = PBXFileSystemSynchronizedBuildFileExceptionSet;
			membershipExceptions = (
				Info.plist,
			);
			target = 4A3580C12D210B88000E7615 /* iStorageWidgetMacOSExtension */;
		};
		4A3580DC2D210D68000E7615 /* Exceptions for "iStorageWatcher" folder in "iStorageWidgetMacOSExtension" target */ = {
			isa = PBXFileSystemSynchronizedBuildFileExceptionSet;
			membershipExceptions = (
				Shared/Localizable.xcstrings,
				Shared/StorageInfo.swift,
				WidgetViews/WidgetRingView.swift,
				WidgetViews/WidgetView.swift,
			);
			target = 4A3580C12D210B88000E7615 /* iStorageWidgetMacOSExtension */;
		};
		4A3580FF2D224AD9000E7615 /* Exceptions for "iStorageWidgetiOS" folder in "iStorageWidgetiOSExtension" target */ = {
			isa = PBXFileSystemSynchronizedBuildFileExceptionSet;
			membershipExceptions = (
				Info.plist,
			);
			target = 4A3580EA2D224AD8000E7615 /* iStorageWidgetiOSExtension */;
		};
		4A3581062D224B1F000E7615 /* Exceptions for "iStorageWatcher" folder in "iStorageWidgetiOSExtension" target */ = {
			isa = PBXFileSystemSynchronizedBuildFileExceptionSet;
			membershipExceptions = (
				Shared/Localizable.xcstrings,
				Shared/StorageInfo.swift,
				WidgetViews/WidgetRingView.swift,
				WidgetViews/WidgetView.swift,
			);
			target = 4A3580EA2D224AD8000E7615 /* iStorageWidgetiOSExtension */;
		};
		4A36C9632D3F5E4600FDF0C1 /* Exceptions for "iStorageWatcher" folder in "iStorageWatcher" target */ = {
			isa = PBXFileSystemSynchronizedBuildFileExceptionSet;
			membershipExceptions = (
				Info.plist,
			);
			target = 4AE800AE2D2107AF00D23196 /* iStorageWatcher */;
		};
/* End PBXFileSystemSynchronizedBuildFileExceptionSet section */

/* Begin PBXFileSystemSynchronizedRootGroup section */
		4A3580C82D210B88000E7615 /* iStorageWidgetMacOS */ = {
			isa = PBXFileSystemSynchronizedRootGroup;
			exceptions = (
				4A3580D62D210B8A000E7615 /* Exceptions for "iStorageWidgetMacOS" folder in "iStorageWidgetMacOSExtension" target */,
			);
			path = iStorageWidgetMacOS;
			sourceTree = "<group>";
		};
		4A3580EE2D224AD8000E7615 /* iStorageWidgetiOS */ = {
			isa = PBXFileSystemSynchronizedRootGroup;
			exceptions = (
				4A3580FF2D224AD9000E7615 /* Exceptions for "iStorageWidgetiOS" folder in "iStorageWidgetiOSExtension" target */,
			);
			path = iStorageWidgetiOS;
			sourceTree = "<group>";
		};
		4AE800B12D2107AF00D23196 /* iStorageWatcher */ = {
			isa = PBXFileSystemSynchronizedRootGroup;
			exceptions = (
				4A36C9632D3F5E4600FDF0C1 /* Exceptions for "iStorageWatcher" folder in "iStorageWatcher" target */,
				4A3580DC2D210D68000E7615 /* Exceptions for "iStorageWatcher" folder in "iStorageWidgetMacOSExtension" target */,
				4A3581062D224B1F000E7615 /* Exceptions for "iStorageWatcher" folder in "iStorageWidgetiOSExtension" target */,
			);
			path = iStorageWatcher;
			sourceTree = "<group>";
		};
		4AE800C52D2107B100D23196 /* iStorageWatcherTests */ = {
			isa = PBXFileSystemSynchronizedRootGroup;
			path = iStorageWatcherTests;
			sourceTree = "<group>";
		};
		4AE800CF2D2107B100D23196 /* iStorageWatcherUITests */ = {
			isa = PBXFileSystemSynchronizedRootGroup;
			path = iStorageWatcherUITests;
			sourceTree = "<group>";
		};
/* End PBXFileSystemSynchronizedRootGroup section */

/* Begin PBXFrameworksBuildPhase section */
		4A3580BF2D210B88000E7615 /* Frameworks */ = {
			isa = PBXFrameworksBuildPhase;
			buildActionMask = 2147483647;
			files = (
				4A3580C72D210B88000E7615 /* SwiftUI.framework in Frameworks */,
				4A3580C52D210B88000E7615 /* WidgetKit.framework in Frameworks */,
			);
			runOnlyForDeploymentPostprocessing = 0;
		};
		4A3580E82D224AD8000E7615 /* Frameworks */ = {
			isa = PBXFrameworksBuildPhase;
			buildActionMask = 2147483647;
			files = (
				4A3580ED2D224AD8000E7615 /* SwiftUI.framework in Frameworks */,
				4A3580EC2D224AD8000E7615 /* WidgetKit.framework in Frameworks */,
			);
			runOnlyForDeploymentPostprocessing = 0;
		};
		4AE800AC2D2107AF00D23196 /* Frameworks */ = {
			isa = PBXFrameworksBuildPhase;
			buildActionMask = 2147483647;
			files = (
			);
			runOnlyForDeploymentPostprocessing = 0;
		};
		4AE800BF2D2107B100D23196 /* Frameworks */ = {
			isa = PBXFrameworksBuildPhase;
			buildActionMask = 2147483647;
			files = (
			);
			runOnlyForDeploymentPostprocessing = 0;
		};
		4AE800C92D2107B100D23196 /* Frameworks */ = {
			isa = PBXFrameworksBuildPhase;
			buildActionMask = 2147483647;
			files = (
			);
			runOnlyForDeploymentPostprocessing = 0;
		};
/* End PBXFrameworksBuildPhase section */

/* Begin PBXGroup section */
		4A3580C32D210B88000E7615 /* Frameworks */ = {
			isa = PBXGroup;
			children = (
				4A3580C42D210B88000E7615 /* WidgetKit.framework */,
				4A3580C62D210B88000E7615 /* SwiftUI.framework */,
			);
			name = Frameworks;
			sourceTree = "<group>";
		};
		4AE800A62D2107AF00D23196 = {
			isa = PBXGroup;
			children = (
				4AE800B12D2107AF00D23196 /* iStorageWatcher */,
				4AE800C52D2107B100D23196 /* iStorageWatcherTests */,
				4AE800CF2D2107B100D23196 /* iStorageWatcherUITests */,
				4A3580C82D210B88000E7615 /* iStorageWidgetMacOS */,
				4A3580EE2D224AD8000E7615 /* iStorageWidgetiOS */,
				4A3580C32D210B88000E7615 /* Frameworks */,
				4AE800B02D2107AF00D23196 /* Products */,
			);
			sourceTree = "<group>";
		};
		4AE800B02D2107AF00D23196 /* Products */ = {
			isa = PBXGroup;
			children = (
				4AE800AF2D2107AF00D23196 /* iStorageWatcher.app */,
				4AE800C22D2107B100D23196 /* iStorageWatcherTests.xctest */,
				4AE800CC2D2107B100D23196 /* iStorageWatcherUITests.xctest */,
				4A3580C22D210B88000E7615 /* iStorageWidgetMacOSExtension.appex */,
				4A3580EB2D224AD8000E7615 /* iStorageWidgetiOSExtension.appex */,
			);
			name = Products;
			sourceTree = "<group>";
		};
/* End PBXGroup section */

/* Begin PBXNativeTarget section */
		4A3580C12D210B88000E7615 /* iStorageWidgetMacOSExtension */ = {
			isa = PBXNativeTarget;
			buildConfigurationList = 4A3580D72D210B8A000E7615 /* Build configuration list for PBXNativeTarget "iStorageWidgetMacOSExtension" */;
			buildPhases = (
				4A3580BE2D210B88000E7615 /* Sources */,
				4A3580BF2D210B88000E7615 /* Frameworks */,
				4A3580C02D210B88000E7615 /* Resources */,
			);
			buildRules = (
			);
			dependencies = (
			);
			fileSystemSynchronizedGroups = (
				4A3580C82D210B88000E7615 /* iStorageWidgetMacOS */,
			);
			name = iStorageWidgetMacOSExtension;
			packageProductDependencies = (
			);
			productName = iStorageWidgetMacOSExtension;
			productReference = 4A3580C22D210B88000E7615 /* iStorageWidgetMacOSExtension.appex */;
			productType = "com.apple.product-type.app-extension";
		};
		4A3580EA2D224AD8000E7615 /* iStorageWidgetiOSExtension */ = {
			isa = PBXNativeTarget;
			buildConfigurationList = 4A3581002D224AD9000E7615 /* Build configuration list for PBXNativeTarget "iStorageWidgetiOSExtension" */;
			buildPhases = (
				4A3580E72D224AD8000E7615 /* Sources */,
				4A3580E82D224AD8000E7615 /* Frameworks */,
				4A3580E92D224AD8000E7615 /* Resources */,
			);
			buildRules = (
			);
			dependencies = (
			);
			fileSystemSynchronizedGroups = (
				4A3580EE2D224AD8000E7615 /* iStorageWidgetiOS */,
			);
			name = iStorageWidgetiOSExtension;
			packageProductDependencies = (
			);
			productName = iStorageWidgetiOSExtension;
			productReference = 4A3580EB2D224AD8000E7615 /* iStorageWidgetiOSExtension.appex */;
			productType = "com.apple.product-type.app-extension";
		};
		4AE800AE2D2107AF00D23196 /* iStorageWatcher */ = {
			isa = PBXNativeTarget;
			buildConfigurationList = 4AE800D62D2107B100D23196 /* Build configuration list for PBXNativeTarget "iStorageWatcher" */;
			buildPhases = (
				4AE800AB2D2107AF00D23196 /* Sources */,
				4AE800AC2D2107AF00D23196 /* Frameworks */,
				4AE800AD2D2107AF00D23196 /* Resources */,
				4A3580DA2D210B8A000E7615 /* Embed Foundation Extensions */,
			);
			buildRules = (
			);
			dependencies = (
				4A3580D42D210B8A000E7615 /* PBXTargetDependency */,
				4A3580FD2D224AD9000E7615 /* PBXTargetDependency */,
			);
			fileSystemSynchronizedGroups = (
				4AE800B12D2107AF00D23196 /* iStorageWatcher */,
			);
			name = iStorageWatcher;
			packageProductDependencies = (
			);
			productName = iStorageWatcher;
			productReference = 4AE800AF2D2107AF00D23196 /* iStorageWatcher.app */;
			productType = "com.apple.product-type.application";
		};
		4AE800C12D2107B100D23196 /* iStorageWatcherTests */ = {
			isa = PBXNativeTarget;
			buildConfigurationList = 4AE800D92D2107B100D23196 /* Build configuration list for PBXNativeTarget "iStorageWatcherTests" */;
			buildPhases = (
				4AE800BE2D2107B100D23196 /* Sources */,
				4AE800BF2D2107B100D23196 /* Frameworks */,
				4AE800C02D2107B100D23196 /* Resources */,
			);
			buildRules = (
			);
			dependencies = (
				4AE800C42D2107B100D23196 /* PBXTargetDependency */,
			);
			fileSystemSynchronizedGroups = (
				4AE800C52D2107B100D23196 /* iStorageWatcherTests */,
			);
			name = iStorageWatcherTests;
			packageProductDependencies = (
			);
			productName = iStorageWatcherTests;
			productReference = 4AE800C22D2107B100D23196 /* iStorageWatcherTests.xctest */;
			productType = "com.apple.product-type.bundle.unit-test";
		};
		4AE800CB2D2107B100D23196 /* iStorageWatcherUITests */ = {
			isa = PBXNativeTarget;
			buildConfigurationList = 4AE800DC2D2107B100D23196 /* Build configuration list for PBXNativeTarget "iStorageWatcherUITests" */;
			buildPhases = (
				4AE800C82D2107B100D23196 /* Sources */,
				4AE800C92D2107B100D23196 /* Frameworks */,
				4AE800CA2D2107B100D23196 /* Resources */,
			);
			buildRules = (
			);
			dependencies = (
				4AE800CE2D2107B100D23196 /* PBXTargetDependency */,
			);
			fileSystemSynchronizedGroups = (
				4AE800CF2D2107B100D23196 /* iStorageWatcherUITests */,
			);
			name = iStorageWatcherUITests;
			packageProductDependencies = (
			);
			productName = iStorageWatcherUITests;
			productReference = 4AE800CC2D2107B100D23196 /* iStorageWatcherUITests.xctest */;
			productType = "com.apple.product-type.bundle.ui-testing";
		};
/* End PBXNativeTarget section */

/* Begin PBXProject section */
		4AE800A72D2107AF00D23196 /* Project object */ = {
			isa = PBXProject;
			attributes = {
				BuildIndependentTargetsInParallel = 1;
				LastSwiftUpdateCheck = 1620;
				LastUpgradeCheck = 1620;
				TargetAttributes = {
					4A3580C12D210B88000E7615 = {
						CreatedOnToolsVersion = 16.2;
					};
					4A3580EA2D224AD8000E7615 = {
						CreatedOnToolsVersion = 16.2;
					};
					4AE800AE2D2107AF00D23196 = {
						CreatedOnToolsVersion = 16.2;
					};
					4AE800C12D2107B100D23196 = {
						CreatedOnToolsVersion = 16.2;
						TestTargetID = 4AE800AE2D2107AF00D23196;
					};
					4AE800CB2D2107B100D23196 = {
						CreatedOnToolsVersion = 16.2;
						TestTargetID = 4AE800AE2D2107AF00D23196;
					};
				};
			};
			buildConfigurationList = 4AE800AA2D2107AF00D23196 /* Build configuration list for PBXProject "iStorageWatcher" */;
			developmentRegion = en;
			hasScannedForEncodings = 0;
			knownRegions = (
				en,
				Base,
			);
			mainGroup = 4AE800A62D2107AF00D23196;
			minimizedProjectReferenceProxies = 1;
			preferredProjectObjectVersion = 77;
			productRefGroup = 4AE800B02D2107AF00D23196 /* Products */;
			projectDirPath = "";
			projectRoot = "";
			targets = (
				4AE800AE2D2107AF00D23196 /* iStorageWatcher */,
				4AE800C12D2107B100D23196 /* iStorageWatcherTests */,
				4AE800CB2D2107B100D23196 /* iStorageWatcherUITests */,
				4A3580C12D210B88000E7615 /* iStorageWidgetMacOSExtension */,
				4A3580EA2D224AD8000E7615 /* iStorageWidgetiOSExtension */,
			);
		};
/* End PBXProject section */

/* Begin PBXResourcesBuildPhase section */
		4A3580C02D210B88000E7615 /* Resources */ = {
			isa = PBXResourcesBuildPhase;
			buildActionMask = 2147483647;
			files = (
			);
			runOnlyForDeploymentPostprocessing = 0;
		};
		4A3580E92D224AD8000E7615 /* Resources */ = {
			isa = PBXResourcesBuildPhase;
			buildActionMask = 2147483647;
			files = (
			);
			runOnlyForDeploymentPostprocessing = 0;
		};
		4AE800AD2D2107AF00D23196 /* Resources */ = {
			isa = PBXResourcesBuildPhase;
			buildActionMask = 2147483647;
			files = (
			);
			runOnlyForDeploymentPostprocessing = 0;
		};
		4AE800C02D2107B100D23196 /* Resources */ = {
			isa = PBXResourcesBuildPhase;
			buildActionMask = 2147483647;
			files = (
			);
			runOnlyForDeploymentPostprocessing = 0;
		};
		4AE800CA2D2107B100D23196 /* Resources */ = {
			isa = PBXResourcesBuildPhase;
			buildActionMask = 2147483647;
			files = (
			);
			runOnlyForDeploymentPostprocessing = 0;
		};
/* End PBXResourcesBuildPhase section */

/* Begin PBXSourcesBuildPhase section */
		4A3580BE2D210B88000E7615 /* Sources */ = {
			isa = PBXSourcesBuildPhase;
			buildActionMask = 2147483647;
			files = (
			);
			runOnlyForDeploymentPostprocessing = 0;
		};
		4A3580E72D224AD8000E7615 /* Sources */ = {
			isa = PBXSourcesBuildPhase;
			buildActionMask = 2147483647;
			files = (
			);
			runOnlyForDeploymentPostprocessing = 0;
		};
		4AE800AB2D2107AF00D23196 /* Sources */ = {
			isa = PBXSourcesBuildPhase;
			buildActionMask = 2147483647;
			files = (
			);
			runOnlyForDeploymentPostprocessing = 0;
		};
		4AE800BE2D2107B100D23196 /* Sources */ = {
			isa = PBXSourcesBuildPhase;
			buildActionMask = 2147483647;
			files = (
			);
			runOnlyForDeploymentPostprocessing = 0;
		};
		4AE800C82D2107B100D23196 /* Sources */ = {
			isa = PBXSourcesBuildPhase;
			buildActionMask = 2147483647;
			files = (
			);
			runOnlyForDeploymentPostprocessing = 0;
		};
/* End PBXSourcesBuildPhase section */

/* Begin PBXTargetDependency section */
		4A3580D42D210B8A000E7615 /* PBXTargetDependency */ = {
			isa = PBXTargetDependency;
			platformFilters = (
				macos,
			);
			target = 4A3580C12D210B88000E7615 /* iStorageWidgetMacOSExtension */;
			targetProxy = 4A3580D32D210B8A000E7615 /* PBXContainerItemProxy */;
		};
		4A3580FD2D224AD9000E7615 /* PBXTargetDependency */ = {
			isa = PBXTargetDependency;
			platformFilter = ios;
			target = 4A3580EA2D224AD8000E7615 /* iStorageWidgetiOSExtension */;
			targetProxy = 4A3580FC2D224AD9000E7615 /* PBXContainerItemProxy */;
		};
		4AE800C42D2107B100D23196 /* PBXTargetDependency */ = {
			isa = PBXTargetDependency;
			target = 4AE800AE2D2107AF00D23196 /* iStorageWatcher */;
			targetProxy = 4AE800C32D2107B100D23196 /* PBXContainerItemProxy */;
		};
		4AE800CE2D2107B100D23196 /* PBXTargetDependency */ = {
			isa = PBXTargetDependency;
			target = 4AE800AE2D2107AF00D23196 /* iStorageWatcher */;
			targetProxy = 4AE800CD2D2107B100D23196 /* PBXContainerItemProxy */;
		};
/* End PBXTargetDependency section */

/* Begin XCBuildConfiguration section */
		4A3580D82D210B8A000E7615 /* Debug */ = {
			isa = XCBuildConfiguration;
			buildSettings = {
				ASSETCATALOG_COMPILER_GLOBAL_ACCENT_COLOR_NAME = AccentColor;
				ASSETCATALOG_COMPILER_WIDGET_BACKGROUND_COLOR_NAME = WidgetBackground;
				CODE_SIGN_ENTITLEMENTS = iStorageWidgetMacOS/iStorageWidgetMacOS.entitlements;
				"CODE_SIGN_IDENTITY[sdk=macosx*]" = "-";
				CODE_SIGN_STYLE = Automatic;
				CURRENT_PROJECT_VERSION = 1;
				DEVELOPMENT_TEAM = FG6VT6A3M9;
				ENABLE_HARDENED_RUNTIME = YES;
				GENERATE_INFOPLIST_FILE = YES;
				INFOPLIST_FILE = iStorageWidgetMacOS/Info.plist;
				INFOPLIST_KEY_CFBundleDisplayName = iStorageWidgetMacOS;
				INFOPLIST_KEY_NSHumanReadableCopyright = "";
				LD_RUNPATH_SEARCH_PATHS = (
					"$(inherited)",
					"@executable_path/../Frameworks",
					"@executable_path/../../../../Frameworks",
				);
				MACOSX_DEPLOYMENT_TARGET = 15.2;
				MARKETING_VERSION = 1.0;
				PRODUCT_BUNDLE_IDENTIFIER = com.wei.iStorageWatcher.app.macOS;
				PRODUCT_NAME = "$(TARGET_NAME)";
				SDKROOT = macosx;
				SKIP_INSTALL = YES;
				SWIFT_EMIT_LOC_STRINGS = YES;
				SWIFT_VERSION = 5.0;
			};
			name = Debug;
		};
		4A3580D92D210B8A000E7615 /* Release */ = {
			isa = XCBuildConfiguration;
			buildSettings = {
				ASSETCATALOG_COMPILER_GLOBAL_ACCENT_COLOR_NAME = AccentColor;
				ASSETCATALOG_COMPILER_WIDGET_BACKGROUND_COLOR_NAME = WidgetBackground;
				CODE_SIGN_ENTITLEMENTS = iStorageWidgetMacOS/iStorageWidgetMacOS.entitlements;
				"CODE_SIGN_IDENTITY[sdk=macosx*]" = "-";
				CODE_SIGN_STYLE = Automatic;
				CURRENT_PROJECT_VERSION = 1;
				DEVELOPMENT_TEAM = FG6VT6A3M9;
				ENABLE_HARDENED_RUNTIME = YES;
				GENERATE_INFOPLIST_FILE = YES;
				INFOPLIST_FILE = iStorageWidgetMacOS/Info.plist;
				INFOPLIST_KEY_CFBundleDisplayName = iStorageWidgetMacOS;
				INFOPLIST_KEY_NSHumanReadableCopyright = "";
				LD_RUNPATH_SEARCH_PATHS = (
					"$(inherited)",
					"@executable_path/../Frameworks",
					"@executable_path/../../../../Frameworks",
				);
				MACOSX_DEPLOYMENT_TARGET = 15.2;
				MARKETING_VERSION = 1.0;
				PRODUCT_BUNDLE_IDENTIFIER = com.wei.iStorageWatcher.app.macOS;
				PRODUCT_NAME = "$(TARGET_NAME)";
				SDKROOT = macosx;
				SKIP_INSTALL = YES;
				SWIFT_EMIT_LOC_STRINGS = YES;
				SWIFT_VERSION = 5.0;
			};
			name = Release;
		};
		4A3581012D224AD9000E7615 /* Debug */ = {
			isa = XCBuildConfiguration;
			buildSettings = {
				ASSETCATALOG_COMPILER_GLOBAL_ACCENT_COLOR_NAME = AccentColor;
				ASSETCATALOG_COMPILER_WIDGET_BACKGROUND_COLOR_NAME = WidgetBackground;
				CODE_SIGN_IDENTITY = "Apple Development";
				CODE_SIGN_STYLE = Automatic;
				CURRENT_PROJECT_VERSION = 1;
				DEVELOPMENT_TEAM = FG6VT6A3M9;
				GENERATE_INFOPLIST_FILE = YES;
				INFOPLIST_FILE = iStorageWidgetiOS/Info.plist;
				INFOPLIST_KEY_CFBundleDisplayName = iStorageWidgetiOS;
				INFOPLIST_KEY_NSHumanReadableCopyright = "";
				IPHONEOS_DEPLOYMENT_TARGET = 18.2;
				LD_RUNPATH_SEARCH_PATHS = (
					"$(inherited)",
					"@executable_path/Frameworks",
					"@executable_path/../../Frameworks",
				);
				MARKETING_VERSION = 1.0;
				PRODUCT_BUNDLE_IDENTIFIER = com.wei.iStorageWatcher.app.iOSWidget;
				PRODUCT_NAME = "$(TARGET_NAME)";
				PROVISIONING_PROFILE_SPECIFIER = "";
				SDKROOT = iphoneos;
				SKIP_INSTALL = YES;
				SWIFT_EMIT_LOC_STRINGS = YES;
				SWIFT_VERSION = 5.0;
				TARGETED_DEVICE_FAMILY = "1,2";
			};
			name = Debug;
		};
		4A3581022D224AD9000E7615 /* Release */ = {
			isa = XCBuildConfiguration;
			buildSettings = {
				ASSETCATALOG_COMPILER_GLOBAL_ACCENT_COLOR_NAME = AccentColor;
				ASSETCATALOG_COMPILER_WIDGET_BACKGROUND_COLOR_NAME = WidgetBackground;
				CODE_SIGN_IDENTITY = "Apple Development";
				CODE_SIGN_STYLE = Automatic;
				CURRENT_PROJECT_VERSION = 1;
				DEVELOPMENT_TEAM = FG6VT6A3M9;
				GENERATE_INFOPLIST_FILE = YES;
				INFOPLIST_FILE = iStorageWidgetiOS/Info.plist;
				INFOPLIST_KEY_CFBundleDisplayName = iStorageWidgetiOS;
				INFOPLIST_KEY_NSHumanReadableCopyright = "";
				IPHONEOS_DEPLOYMENT_TARGET = 18.2;
				LD_RUNPATH_SEARCH_PATHS = (
					"$(inherited)",
					"@executable_path/Frameworks",
					"@executable_path/../../Frameworks",
				);
				MARKETING_VERSION = 1.0;
				PRODUCT_BUNDLE_IDENTIFIER = com.wei.iStorageWatcher.app.iOSWidget;
				PRODUCT_NAME = "$(TARGET_NAME)";
				PROVISIONING_PROFILE_SPECIFIER = "";
				SDKROOT = iphoneos;
				SKIP_INSTALL = YES;
				SWIFT_EMIT_LOC_STRINGS = YES;
				SWIFT_VERSION = 5.0;
				TARGETED_DEVICE_FAMILY = "1,2";
				VALIDATE_PRODUCT = YES;
			};
			name = Release;
		};
		4AE800D42D2107B100D23196 /* Debug */ = {
			isa = XCBuildConfiguration;
			buildSettings = {
				ALWAYS_SEARCH_USER_PATHS = NO;
				ASSETCATALOG_COMPILER_GENERATE_SWIFT_ASSET_SYMBOL_EXTENSIONS = YES;
				CLANG_ANALYZER_NONNULL = YES;
				CLANG_ANALYZER_NUMBER_OBJECT_CONVERSION = YES_AGGRESSIVE;
				CLANG_CXX_LANGUAGE_STANDARD = "gnu++20";
				CLANG_ENABLE_MODULES = YES;
				CLANG_ENABLE_OBJC_ARC = YES;
				CLANG_ENABLE_OBJC_WEAK = YES;
				CLANG_WARN_BLOCK_CAPTURE_AUTORELEASING = YES;
				CLANG_WARN_BOOL_CONVERSION = YES;
				CLANG_WARN_COMMA = YES;
				CLANG_WARN_CONSTANT_CONVERSION = YES;
				CLANG_WARN_DEPRECATED_OBJC_IMPLEMENTATIONS = YES;
				CLANG_WARN_DIRECT_OBJC_ISA_USAGE = YES_ERROR;
				CLANG_WARN_DOCUMENTATION_COMMENTS = YES;
				CLANG_WARN_EMPTY_BODY = YES;
				CLANG_WARN_ENUM_CONVERSION = YES;
				CLANG_WARN_INFINITE_RECURSION = YES;
				CLANG_WARN_INT_CONVERSION = YES;
				CLANG_WARN_NON_LITERAL_NULL_CONVERSION = YES;
				CLANG_WARN_OBJC_IMPLICIT_RETAIN_SELF = YES;
				CLANG_WARN_OBJC_LITERAL_CONVERSION = YES;
				CLANG_WARN_OBJC_ROOT_CLASS = YES_ERROR;
				CLANG_WARN_QUOTED_INCLUDE_IN_FRAMEWORK_HEADER = YES;
				CLANG_WARN_RANGE_LOOP_ANALYSIS = YES;
				CLANG_WARN_STRICT_PROTOTYPES = YES;
				CLANG_WARN_SUSPICIOUS_MOVE = YES;
				CLANG_WARN_UNGUARDED_AVAILABILITY = YES_AGGRESSIVE;
				CLANG_WARN_UNREACHABLE_CODE = YES;
				CLANG_WARN__DUPLICATE_METHOD_MATCH = YES;
				COPY_PHASE_STRIP = NO;
				DEBUG_INFORMATION_FORMAT = dwarf;
				ENABLE_STRICT_OBJC_MSGSEND = YES;
				ENABLE_TESTABILITY = YES;
				ENABLE_USER_SCRIPT_SANDBOXING = YES;
				GCC_C_LANGUAGE_STANDARD = gnu17;
				GCC_DYNAMIC_NO_PIC = NO;
				GCC_NO_COMMON_BLOCKS = YES;
				GCC_OPTIMIZATION_LEVEL = 0;
				GCC_PREPROCESSOR_DEFINITIONS = (
					"DEBUG=1",
					"$(inherited)",
				);
				GCC_WARN_64_TO_32_BIT_CONVERSION = YES;
				GCC_WARN_ABOUT_RETURN_TYPE = YES_ERROR;
				GCC_WARN_UNDECLARED_SELECTOR = YES;
				GCC_WARN_UNINITIALIZED_AUTOS = YES_AGGRESSIVE;
				GCC_WARN_UNUSED_FUNCTION = YES;
				GCC_WARN_UNUSED_VARIABLE = YES;
				LOCALIZATION_PREFERS_STRING_CATALOGS = YES;
				MTL_ENABLE_DEBUG_INFO = INCLUDE_SOURCE;
				MTL_FAST_MATH = YES;
				ONLY_ACTIVE_ARCH = YES;
				SWIFT_ACTIVE_COMPILATION_CONDITIONS = "DEBUG $(inherited)";
				SWIFT_EMIT_LOC_STRINGS = YES;
				SWIFT_OPTIMIZATION_LEVEL = "-Onone";
			};
			name = Debug;
		};
		4AE800D52D2107B100D23196 /* Release */ = {
			isa = XCBuildConfiguration;
			buildSettings = {
				ALWAYS_SEARCH_USER_PATHS = NO;
				ASSETCATALOG_COMPILER_GENERATE_SWIFT_ASSET_SYMBOL_EXTENSIONS = YES;
				CLANG_ANALYZER_NONNULL = YES;
				CLANG_ANALYZER_NUMBER_OBJECT_CONVERSION = YES_AGGRESSIVE;
				CLANG_CXX_LANGUAGE_STANDARD = "gnu++20";
				CLANG_ENABLE_MODULES = YES;
				CLANG_ENABLE_OBJC_ARC = YES;
				CLANG_ENABLE_OBJC_WEAK = YES;
				CLANG_WARN_BLOCK_CAPTURE_AUTORELEASING = YES;
				CLANG_WARN_BOOL_CONVERSION = YES;
				CLANG_WARN_COMMA = YES;
				CLANG_WARN_CONSTANT_CONVERSION = YES;
				CLANG_WARN_DEPRECATED_OBJC_IMPLEMENTATIONS = YES;
				CLANG_WARN_DIRECT_OBJC_ISA_USAGE = YES_ERROR;
				CLANG_WARN_DOCUMENTATION_COMMENTS = YES;
				CLANG_WARN_EMPTY_BODY = YES;
				CLANG_WARN_ENUM_CONVERSION = YES;
				CLANG_WARN_INFINITE_RECURSION = YES;
				CLANG_WARN_INT_CONVERSION = YES;
				CLANG_WARN_NON_LITERAL_NULL_CONVERSION = YES;
				CLANG_WARN_OBJC_IMPLICIT_RETAIN_SELF = YES;
				CLANG_WARN_OBJC_LITERAL_CONVERSION = YES;
				CLANG_WARN_OBJC_ROOT_CLASS = YES_ERROR;
				CLANG_WARN_QUOTED_INCLUDE_IN_FRAMEWORK_HEADER = YES;
				CLANG_WARN_RANGE_LOOP_ANALYSIS = YES;
				CLANG_WARN_STRICT_PROTOTYPES = YES;
				CLANG_WARN_SUSPICIOUS_MOVE = YES;
				CLANG_WARN_UNGUARDED_AVAILABILITY = YES_AGGRESSIVE;
				CLANG_WARN_UNREACHABLE_CODE = YES;
				CLANG_WARN__DUPLICATE_METHOD_MATCH = YES;
				COPY_PHASE_STRIP = NO;
				DEBUG_INFORMATION_FORMAT = "dwarf-with-dsym";
				ENABLE_NS_ASSERTIONS = NO;
				ENABLE_STRICT_OBJC_MSGSEND = YES;
				ENABLE_USER_SCRIPT_SANDBOXING = YES;
				GCC_C_LANGUAGE_STANDARD = gnu17;
				GCC_NO_COMMON_BLOCKS = YES;
				GCC_WARN_64_TO_32_BIT_CONVERSION = YES;
				GCC_WARN_ABOUT_RETURN_TYPE = YES_ERROR;
				GCC_WARN_UNDECLARED_SELECTOR = YES;
				GCC_WARN_UNINITIALIZED_AUTOS = YES_AGGRESSIVE;
				GCC_WARN_UNUSED_FUNCTION = YES;
				GCC_WARN_UNUSED_VARIABLE = YES;
				LOCALIZATION_PREFERS_STRING_CATALOGS = YES;
				MTL_ENABLE_DEBUG_INFO = NO;
				MTL_FAST_MATH = YES;
				SWIFT_COMPILATION_MODE = wholemodule;
				SWIFT_EMIT_LOC_STRINGS = YES;
			};
			name = Release;
		};
		4AE800D72D2107B100D23196 /* Debug */ = {
			isa = XCBuildConfiguration;
			buildSettings = {
				ASSETCATALOG_COMPILER_APPICON_NAME = AppIcon;
				ASSETCATALOG_COMPILER_GLOBAL_ACCENT_COLOR_NAME = AccentColor;
				CODE_SIGN_ENTITLEMENTS = iStorageWatcher/iStorageWatcher.entitlements;
				CODE_SIGN_IDENTITY = "Apple Development";
				"CODE_SIGN_IDENTITY[sdk=macosx*]" = "-";
				CODE_SIGN_STYLE = Automatic;
				CURRENT_PROJECT_VERSION = 1;
				DEVELOPMENT_ASSET_PATHS = "\"iStorageWatcher/Preview Content\"";
				DEVELOPMENT_TEAM = FG6VT6A3M9;
				ENABLE_HARDENED_RUNTIME = YES;
				ENABLE_PREVIEWS = YES;
				GENERATE_INFOPLIST_FILE = YES;
				INFOPLIST_FILE = iStorageWatcher/Info.plist;
				INFOPLIST_KEY_CFBundleDisplayName = iStorageWatcher;
				INFOPLIST_KEY_LSApplicationCategoryType = "public.app-category.utilities";
				"INFOPLIST_KEY_UIApplicationSceneManifest_Generation[sdk=iphoneos*]" = YES;
				"INFOPLIST_KEY_UIApplicationSceneManifest_Generation[sdk=iphonesimulator*]" = YES;
				"INFOPLIST_KEY_UIApplicationSupportsIndirectInputEvents[sdk=iphoneos*]" = YES;
				"INFOPLIST_KEY_UIApplicationSupportsIndirectInputEvents[sdk=iphonesimulator*]" = YES;
				"INFOPLIST_KEY_UILaunchScreen_Generation[sdk=iphoneos*]" = YES;
				"INFOPLIST_KEY_UILaunchScreen_Generation[sdk=iphonesimulator*]" = YES;
				INFOPLIST_KEY_UIStatusBarHidden = NO;
				"INFOPLIST_KEY_UIStatusBarStyle[sdk=iphoneos*]" = UIStatusBarStyleDefault;
				"INFOPLIST_KEY_UIStatusBarStyle[sdk=iphonesimulator*]" = UIStatusBarStyleDefault;
				INFOPLIST_KEY_UISupportedInterfaceOrientations = UIInterfaceOrientationPortrait;
				INFOPLIST_KEY_UISupportedInterfaceOrientations_iPad = "UIInterfaceOrientationLandscapeLeft UIInterfaceOrientationLandscapeRight UIInterfaceOrientationPortrait UIInterfaceOrientationPortraitUpsideDown";
				IPHONEOS_DEPLOYMENT_TARGET = 17.6;
				LD_RUNPATH_SEARCH_PATHS = "@executable_path/Frameworks";
				"LD_RUNPATH_SEARCH_PATHS[sdk=macosx*]" = "@executable_path/../Frameworks";
				MACOSX_DEPLOYMENT_TARGET = 14.0;
				MARKETING_VERSION = 1.0;
				PRODUCT_BUNDLE_IDENTIFIER = com.wei.iStorageWatcher.app;
				PRODUCT_NAME = "$(TARGET_NAME)";
				PROVISIONING_PROFILE_SPECIFIER = "";
				SDKROOT = auto;
				SUPPORTED_PLATFORMS = "iphoneos iphonesimulator macosx";
				SUPPORTS_MACCATALYST = NO;
				SWIFT_EMIT_LOC_STRINGS = YES;
				SWIFT_VERSION = 5.0;
				TARGETED_DEVICE_FAMILY = "1,2";
				XROS_DEPLOYMENT_TARGET = 2.2;
			};
			name = Debug;
		};
		4AE800D82D2107B100D23196 /* Release */ = {
			isa = XCBuildConfiguration;
			buildSettings = {
				ASSETCATALOG_COMPILER_APPICON_NAME = AppIcon;
				ASSETCATALOG_COMPILER_GLOBAL_ACCENT_COLOR_NAME = AccentColor;
				CODE_SIGN_ENTITLEMENTS = iStorageWatcher/iStorageWatcher.entitlements;
				CODE_SIGN_IDENTITY = "Apple Development";
				"CODE_SIGN_IDENTITY[sdk=macosx*]" = "-";
				CODE_SIGN_STYLE = Automatic;
				CURRENT_PROJECT_VERSION = 1;
				DEVELOPMENT_ASSET_PATHS = "\"iStorageWatcher/Preview Content\"";
				DEVELOPMENT_TEAM = FG6VT6A3M9;
				ENABLE_HARDENED_RUNTIME = YES;
				ENABLE_PREVIEWS = YES;
				GENERATE_INFOPLIST_FILE = YES;
				INFOPLIST_FILE = iStorageWatcher/Info.plist;
				INFOPLIST_KEY_CFBundleDisplayName = iStorageWatcher;
				INFOPLIST_KEY_LSApplicationCategoryType = "public.app-category.utilities";
				"INFOPLIST_KEY_UIApplicationSceneManifest_Generation[sdk=iphoneos*]" = YES;
				"INFOPLIST_KEY_UIApplicationSceneManifest_Generation[sdk=iphonesimulator*]" = YES;
				"INFOPLIST_KEY_UIApplicationSupportsIndirectInputEvents[sdk=iphoneos*]" = YES;
				"INFOPLIST_KEY_UIApplicationSupportsIndirectInputEvents[sdk=iphonesimulator*]" = YES;
				"INFOPLIST_KEY_UILaunchScreen_Generation[sdk=iphoneos*]" = YES;
				"INFOPLIST_KEY_UILaunchScreen_Generation[sdk=iphonesimulator*]" = YES;
				INFOPLIST_KEY_UIStatusBarHidden = NO;
				"INFOPLIST_KEY_UIStatusBarStyle[sdk=iphoneos*]" = UIStatusBarStyleDefault;
				"INFOPLIST_KEY_UIStatusBarStyle[sdk=iphonesimulator*]" = UIStatusBarStyleDefault;
				INFOPLIST_KEY_UISupportedInterfaceOrientations = UIInterfaceOrientationPortrait;
				INFOPLIST_KEY_UISupportedInterfaceOrientations_iPad = "UIInterfaceOrientationLandscapeLeft UIInterfaceOrientationLandscapeRight UIInterfaceOrientationPortrait UIInterfaceOrientationPortraitUpsideDown";
				IPHONEOS_DEPLOYMENT_TARGET = 17.6;
				LD_RUNPATH_SEARCH_PATHS = "@executable_path/Frameworks";
				"LD_RUNPATH_SEARCH_PATHS[sdk=macosx*]" = "@executable_path/../Frameworks";
				MACOSX_DEPLOYMENT_TARGET = 14.0;
				MARKETING_VERSION = 1.0;
				PRODUCT_BUNDLE_IDENTIFIER = com.wei.iStorageWatcher.app;
				PRODUCT_NAME = "$(TARGET_NAME)";
				PROVISIONING_PROFILE_SPECIFIER = "";
				SDKROOT = auto;
				SUPPORTED_PLATFORMS = "iphoneos iphonesimulator macosx";
				SUPPORTS_MACCATALYST = NO;
				SWIFT_EMIT_LOC_STRINGS = YES;
				SWIFT_VERSION = 5.0;
				TARGETED_DEVICE_FAMILY = "1,2";
				XROS_DEPLOYMENT_TARGET = 2.2;
			};
			name = Release;
		};
		4AE800DA2D2107B100D23196 /* Debug */ = {
			isa = XCBuildConfiguration;
			buildSettings = {
				BUNDLE_LOADER = "$(TEST_HOST)";
				CODE_SIGN_STYLE = Automatic;
				CURRENT_PROJECT_VERSION = 1;
				DEVELOPMENT_TEAM = FG6VT6A3M9;
				GENERATE_INFOPLIST_FILE = YES;
				IPHONEOS_DEPLOYMENT_TARGET = 18.2;
				MACOSX_DEPLOYMENT_TARGET = 15.2;
				MARKETING_VERSION = 1.0;
				PRODUCT_BUNDLE_IDENTIFIER = com.wei.iStorageWatcherTests;
				PRODUCT_NAME = "$(TARGET_NAME)";
				SDKROOT = auto;
				SUPPORTED_PLATFORMS = "iphoneos iphonesimulator macosx xros xrsimulator";
				SWIFT_EMIT_LOC_STRINGS = NO;
				SWIFT_VERSION = 5.0;
				TARGETED_DEVICE_FAMILY = "1,2,7";
				TEST_HOST = "$(BUILT_PRODUCTS_DIR)/iStorageWatcher.app/$(BUNDLE_EXECUTABLE_FOLDER_PATH)/iStorageWatcher";
				XROS_DEPLOYMENT_TARGET = 2.2;
			};
			name = Debug;
		};
		4AE800DB2D2107B100D23196 /* Release */ = {
			isa = XCBuildConfiguration;
			buildSettings = {
				BUNDLE_LOADER = "$(TEST_HOST)";
				CODE_SIGN_STYLE = Automatic;
				CURRENT_PROJECT_VERSION = 1;
				DEVELOPMENT_TEAM = FG6VT6A3M9;
				GENERATE_INFOPLIST_FILE = YES;
				IPHONEOS_DEPLOYMENT_TARGET = 18.2;
				MACOSX_DEPLOYMENT_TARGET = 15.2;
				MARKETING_VERSION = 1.0;
				PRODUCT_BUNDLE_IDENTIFIER = com.wei.iStorageWatcherTests;
				PRODUCT_NAME = "$(TARGET_NAME)";
				SDKROOT = auto;
				SUPPORTED_PLATFORMS = "iphoneos iphonesimulator macosx xros xrsimulator";
				SWIFT_EMIT_LOC_STRINGS = NO;
				SWIFT_VERSION = 5.0;
				TARGETED_DEVICE_FAMILY = "1,2,7";
				TEST_HOST = "$(BUILT_PRODUCTS_DIR)/iStorageWatcher.app/$(BUNDLE_EXECUTABLE_FOLDER_PATH)/iStorageWatcher";
				XROS_DEPLOYMENT_TARGET = 2.2;
			};
			name = Release;
		};
		4AE800DD2D2107B100D23196 /* Debug */ = {
			isa = XCBuildConfiguration;
			buildSettings = {
				CODE_SIGN_STYLE = Automatic;
				CURRENT_PROJECT_VERSION = 1;
				DEVELOPMENT_TEAM = FG6VT6A3M9;
				GENERATE_INFOPLIST_FILE = YES;
				IPHONEOS_DEPLOYMENT_TARGET = 18.2;
				MACOSX_DEPLOYMENT_TARGET = 15.2;
				MARKETING_VERSION = 1.0;
				PRODUCT_BUNDLE_IDENTIFIER = com.wei.iStorageWatcherUITests;
				PRODUCT_NAME = "$(TARGET_NAME)";
				SDKROOT = auto;
				SUPPORTED_PLATFORMS = "iphoneos iphonesimulator macosx xros xrsimulator";
				SWIFT_EMIT_LOC_STRINGS = NO;
				SWIFT_VERSION = 5.0;
				TARGETED_DEVICE_FAMILY = "1,2,7";
				TEST_TARGET_NAME = iStorageWatcher;
				XROS_DEPLOYMENT_TARGET = 2.2;
			};
			name = Debug;
		};
		4AE800DE2D2107B100D23196 /* Release */ = {
			isa = XCBuildConfiguration;
			buildSettings = {
				CODE_SIGN_STYLE = Automatic;
				CURRENT_PROJECT_VERSION = 1;
				DEVELOPMENT_TEAM = FG6VT6A3M9;
				GENERATE_INFOPLIST_FILE = YES;
				IPHONEOS_DEPLOYMENT_TARGET = 18.2;
				MACOSX_DEPLOYMENT_TARGET = 15.2;
				MARKETING_VERSION = 1.0;
				PRODUCT_BUNDLE_IDENTIFIER = com.wei.iStorageWatcherUITests;
				PRODUCT_NAME = "$(TARGET_NAME)";
				SDKROOT = auto;
				SUPPORTED_PLATFORMS = "iphoneos iphonesimulator macosx xros xrsimulator";
				SWIFT_EMIT_LOC_STRINGS = NO;
				SWIFT_VERSION = 5.0;
				TARGETED_DEVICE_FAMILY = "1,2,7";
				TEST_TARGET_NAME = iStorageWatcher;
				XROS_DEPLOYMENT_TARGET = 2.2;
			};
			name = Release;
		};
/* End XCBuildConfiguration section */

/* Begin XCConfigurationList section */
		4A3580D72D210B8A000E7615 /* Build configuration list for PBXNativeTarget "iStorageWidgetMacOSExtension" */ = {
			isa = XCConfigurationList;
			buildConfigurations = (
				4A3580D82D210B8A000E7615 /* Debug */,
				4A3580D92D210B8A000E7615 /* Release */,
			);
			defaultConfigurationIsVisible = 0;
			defaultConfigurationName = Release;
		};
		4A3581002D224AD9000E7615 /* Build configuration list for PBXNativeTarget "iStorageWidgetiOSExtension" */ = {
			isa = XCConfigurationList;
			buildConfigurations = (
				4A3581012D224AD9000E7615 /* Debug */,
				4A3581022D224AD9000E7615 /* Release */,
			);
			defaultConfigurationIsVisible = 0;
			defaultConfigurationName = Release;
		};
		4AE800AA2D2107AF00D23196 /* Build configuration list for PBXProject "iStorageWatcher" */ = {
			isa = XCConfigurationList;
			buildConfigurations = (
				4AE800D42D2107B100D23196 /* Debug */,
				4AE800D52D2107B100D23196 /* Release */,
			);
			defaultConfigurationIsVisible = 0;
			defaultConfigurationName = Release;
		};
		4AE800D62D2107B100D23196 /* Build configuration list for PBXNativeTarget "iStorageWatcher" */ = {
			isa = XCConfigurationList;
			buildConfigurations = (
				4AE800D72D2107B100D23196 /* Debug */,
				4AE800D82D2107B100D23196 /* Release */,
			);
			defaultConfigurationIsVisible = 0;
			defaultConfigurationName = Release;
		};
		4AE800D92D2107B100D23196 /* Build configuration list for PBXNativeTarget "iStorageWatcherTests" */ = {
			isa = XCConfigurationList;
			buildConfigurations = (
				4AE800DA2D2107B100D23196 /* Debug */,
				4AE800DB2D2107B100D23196 /* Release */,
			);
			defaultConfigurationIsVisible = 0;
			defaultConfigurationName = Release;
		};
		4AE800DC2D2107B100D23196 /* Build configuration list for PBXNativeTarget "iStorageWatcherUITests" */ = {
			isa = XCConfigurationList;
			buildConfigurations = (
				4AE800DD2D2107B100D23196 /* Debug */,
				4AE800DE2D2107B100D23196 /* Release */,
			);
			defaultConfigurationIsVisible = 0;
			defaultConfigurationName = Release;
		};
/* End XCConfigurationList section */
	};
	rootObject = 4AE800A72D2107AF00D23196 /* Project object */;
}
